
Microsoft Visual Studio Solution File, Format Version 12.00
# Visual Studio Version 16
VisualStudioVersion = 16.0.810.20
MinimumVisualStudioVersion = 10.0.40219.1
Project("{FAE04EC0-301F-11D3-BF4B-00C04F79EFBC}") = "RockPaperScissorsDemo", "RockPaperScissorsDemo.csproj", "{618194EC-F906-45D2-99F9-971F09FC50A4}"
EndProject
Global
	GlobalSection(SolutionConfigurationPlatforms) = preSolution
		Debug|anycpu = Debug|anycpu
		Release|anycpu = Release|anycpu
	EndGlobalSection
	GlobalSection(ProjectConfigurationPlatforms) = postSolution
		{618194EC-F906-45D2-99F9-971F09FC50A4}.Debug|anycpu.ActiveCfg = Debug|anycpu
		{618194EC-F906-45D2-99F9-971F09FC50A4}.Debug|anycpu.Build.0 = Debug|anycpu
		{618194EC-F906-45D2-99F9-971F09FC50A4}.Release|anycpu.ActiveCfg = Release|anycpu
		{618194EC-F906-45D2-99F9-971F09FC50A4}.Release|anycpu.Build.0 = Release|anycpu
	EndGlobalSection
	GlobalSection(SolutionProperties) = preSolution
		HideSolutionNode = FALSE
	EndGlobalSection
	GlobalSection(ExtensibilityGlobals) = postSolution
		SolutionGuid = {2B337EB1-E9C7-49B3-AC1E-ED277928C945}
	EndGlobalSection
EndGlobal
